<?xml version="1.0" encoding="utf-8"?>
<Project ToolsVersion="4.0" xmlns="http://schemas.microsoft.com/developer/msbuild/2003">
  <ItemGroup>
    <Filter Include="ソース ファイル">
      <UniqueIdentifier>{4FC737F1-C7A5-4376-A066-2A32D752A2FF}</UniqueIdentifier>
      <Extensions>cpp;c;cc;cxx;c++;cppm;ixx;def;odl;idl;hpj;bat;asm;asmx</Extensions>
    </Filter>
    <Filter Include="ヘッダー ファイル">
      <UniqueIdentifier>{93995380-89BD-4b04-88EB-625FBE52EBFB}</UniqueIdentifier>
      <Extensions>h;hh;hpp;hxx;h++;hm;inl;inc;ipp;xsd</Extensions>
    </Filter>
    <Filter Include="リソース ファイル">
      <UniqueIdentifier>{67DA6AB6-F800-4c08-8B7A-83BB121AAD01}</UniqueIdentifier>
      <Extensions>rc;ico;cur;bmp;dlg;rc2;rct;bin;rgs;gif;jpg;jpeg;jpe;resx;tiff;tif;png;wav;mfcribbon-ms</Extensions>
    </Filter>
    <Filter Include="シェーダーファイル">
      <UniqueIdentifier>{7e5584a5-2895-4181-9eaf-f65622106b57}</UniqueIdentifier>
    </Filter>
    <Filter Include="2d">
      <UniqueIdentifier>{2cefeef8-be8a-455c-963c-14d9f70d7936}</UniqueIdentifier>
    </Filter>
    <Filter Include="base">
      <UniqueIdentifier>{bc5bb7d6-d93e-455d-b8d4-0fb3b190fc9a}</UniqueIdentifier>
    </Filter>
    <Filter Include="base\audio">
      <UniqueIdentifier>{9112e093-3410-43ea-bb7c-aa6b18183cbc}</UniqueIdentifier>
    </Filter>
    <Filter Include="base\camera">
      <UniqueIdentifier>{7a6df8ed-eb80-41f6-83e2-d9d10f8052ed}</UniqueIdentifier>
    </Filter>
    <Filter Include="base\input">
      <UniqueIdentifier>{0599554c-9c17-4134-9fc8-bd67955eef44}</UniqueIdentifier>
    </Filter>
    <Filter Include="base\winapp">
      <UniqueIdentifier>{d5719f5b-2936-4b6c-9a58-48ae516af41d}</UniqueIdentifier>
    </Filter>
    <Filter Include="base\dxcommon">
      <UniqueIdentifier>{c9fb3bd6-dfbe-41fb-836d-ddaae31d4336}</UniqueIdentifier>
    </Filter>
    <Filter Include="3d">
      <UniqueIdentifier>{2e61a88c-6002-456d-9a6c-04b640fb039b}</UniqueIdentifier>
    </Filter>
    <Filter Include="3d\fbx">
      <UniqueIdentifier>{5223db7a-1a07-4457-86f5-7e71cc5ad591}</UniqueIdentifier>
    </Filter>
    <Filter Include="3d\obj">
      <UniqueIdentifier>{8aa0a8b1-1be7-45ab-a069-cd81617cc903}</UniqueIdentifier>
    </Filter>
    <Filter Include="BehaviorBase">
      <UniqueIdentifier>{0da84f89-83bd-44fa-8047-067cb5eb73ba}</UniqueIdentifier>
    </Filter>
    <Filter Include="BehaviorBase\test">
      <UniqueIdentifier>{52b62f4c-5dcb-4e32-89fe-d32c21e65be6}</UniqueIdentifier>
    </Filter>
    <Filter Include="base\Collision">
      <UniqueIdentifier>{b047b520-ec98-4130-ac0f-89f5ee9f3762}</UniqueIdentifier>
    </Filter>
  </ItemGroup>
  <ItemGroup>
    <ClCompile Include="main.cpp">
      <Filter>ソース ファイル</Filter>
    </ClCompile>
    <ClCompile Include="GameScene.cpp">
      <Filter>ソース ファイル</Filter>
    </ClCompile>
    <ClCompile Include="2d\DebugText.cpp">
      <Filter>2d</Filter>
    </ClCompile>
    <ClCompile Include="2d\PostEffect.cpp">
      <Filter>2d</Filter>
    </ClCompile>
    <ClCompile Include="2d\Sprite.cpp">
      <Filter>2d</Filter>
    </ClCompile>
    <ClCompile Include="2d\SpriteCommon.cpp">
      <Filter>2d</Filter>
    </ClCompile>
    <ClCompile Include="base\audio\Audio.cpp">
      <Filter>base\audio</Filter>
    </ClCompile>
    <ClCompile Include="base\camera\Camera.cpp">
      <Filter>base\camera</Filter>
    </ClCompile>
    <ClCompile Include="base\camera\DebugCamera.cpp">
      <Filter>base\camera</Filter>
    </ClCompile>
    <ClCompile Include="base\input\Input.cpp">
      <Filter>base\input</Filter>
    </ClCompile>
    <ClCompile Include="base\dxcomon\DirectXCommon.cpp">
      <Filter>base\dxcommon</Filter>
    </ClCompile>
    <ClCompile Include="base\winapp\WinApp.cpp">
      <Filter>base\winapp</Filter>
    </ClCompile>
    <ClCompile Include="3d\fbx\FbxLoader.cpp">
      <Filter>3d\fbx</Filter>
    </ClCompile>
    <ClCompile Include="3d\fbx\FBXModel.cpp">
      <Filter>3d\fbx</Filter>
    </ClCompile>
    <ClCompile Include="3d\fbx\ObjectFBX3d.cpp">
      <Filter>3d\fbx</Filter>
    </ClCompile>
    <ClCompile Include="3d\obj\Model.cpp">
      <Filter>3d\obj</Filter>
    </ClCompile>
    <ClCompile Include="3d\obj\Object3d.cpp">
      <Filter>3d\obj</Filter>
    </ClCompile>
    <ClCompile Include="BehaviorBase\testBehavior\AttackJudgment.cpp">
      <Filter>BehaviorBase\test</Filter>
    </ClCompile>
    <ClCompile Include="BehaviorBase\testBehavior\BehaviorData.cpp">
      <Filter>BehaviorBase\test</Filter>
    </ClCompile>
    <ClCompile Include="BehaviorBase\testBehavior\BehaviorTree.cpp">
      <Filter>BehaviorBase\test</Filter>
    </ClCompile>
    <ClCompile Include="BehaviorBase\testBehavior\CharaBase.cpp">
      <Filter>BehaviorBase\test</Filter>
    </ClCompile>
    <ClCompile Include="BehaviorBase\testBehavior\DeffenceAction.cpp">
      <Filter>BehaviorBase\test</Filter>
    </ClCompile>
    <ClCompile Include="BehaviorBase\testBehavior\DeffenceJudgment.cpp">
      <Filter>BehaviorBase\test</Filter>
    </ClCompile>
    <ClCompile Include="BehaviorBase\testBehavior\Enemy.cpp">
      <Filter>BehaviorBase\test</Filter>
    </ClCompile>
    <ClCompile Include="BehaviorBase\testBehavior\MagicAction.cpp">
      <Filter>BehaviorBase\test</Filter>
    </ClCompile>
    <ClCompile Include="BehaviorBase\testBehavior\MagicAttackJudgment.cpp">
      <Filter>BehaviorBase\test</Filter>
    </ClCompile>
    <ClCompile Include="BehaviorBase\testBehavior\NodeBase.cpp">
      <Filter>BehaviorBase\test</Filter>
    </ClCompile>
    <ClCompile Include="BehaviorBase\testBehavior\PhysicsAction.cpp">
      <Filter>BehaviorBase\test</Filter>
    </ClCompile>
    <ClCompile Include="BehaviorBase\testBehavior\SkillAction.cpp">
      <Filter>BehaviorBase\test</Filter>
    </ClCompile>
    <ClCompile Include="BehaviorBase\testBehavior\SkillAttackJudgment.cpp">
      <Filter>BehaviorBase\test</Filter>
    </ClCompile>
    <ClCompile Include="base\Collision\Collision.cpp">
      <Filter>base\Collision</Filter>
    </ClCompile>
  </ItemGroup>
  <ItemGroup>
    <None Include="Resources\shaders\Basic.hlsli">
      <Filter>シェーダーファイル</Filter>
    </None>
    <None Include="Resources\shaders\Sprite.hlsli">
      <Filter>シェーダーファイル</Filter>
    </None>
    <None Include="Resources\shaders\OBJShaderHeader.hlsli">
      <Filter>シェーダーファイル</Filter>
    </None>
    <None Include="Resources\shaders\FBXShaderHeader.hlsli">
      <Filter>シェーダーファイル</Filter>
    </None>
    <None Include="Resources\shaders\PostEffectTest.hlsli">
      <Filter>シェーダーファイル</Filter>
    </None>
  </ItemGroup>
  <ItemGroup>
    <FxCompile Include="Resources\shaders\BasicPS.hlsl">
      <Filter>シェーダーファイル</Filter>
    </FxCompile>
    <FxCompile Include="Resources\shaders\BasicVS.hlsl">
      <Filter>シェーダーファイル</Filter>
    </FxCompile>
    <FxCompile Include="Resources\shaders\SpritePS.hlsl">
      <Filter>シェーダーファイル</Filter>
    </FxCompile>
    <FxCompile Include="Resources\shaders\SpriteVS.hlsl">
      <Filter>シェーダーファイル</Filter>
    </FxCompile>
    <FxCompile Include="Resources\shaders\OBJPS.hlsl">
      <Filter>シェーダーファイル</Filter>
    </FxCompile>
    <FxCompile Include="Resources\shaders\OBJVS.hlsl">
      <Filter>シェーダーファイル</Filter>
    </FxCompile>
    <FxCompile Include="Resources\shaders\FBXPS.hlsl">
      <Filter>シェーダーファイル</Filter>
    </FxCompile>
    <FxCompile Include="Resources\shaders\FBXVS.hlsl">
      <Filter>シェーダーファイル</Filter>
    </FxCompile>
    <FxCompile Include="Resources\shaders\PostEffectTestPS.hlsl">
      <Filter>シェーダーファイル</Filter>
    </FxCompile>
    <FxCompile Include="Resources\shaders\PostEffectTestVS.hlsl">
      <Filter>シェーダーファイル</Filter>
    </FxCompile>
  </ItemGroup>
  <ItemGroup>
    <ClInclude Include="PipelineSet.h">
      <Filter>ヘッダー ファイル</Filter>
    </ClInclude>
    <ClInclude Include="GameScene.h">
      <Filter>ヘッダー ファイル</Filter>
    </ClInclude>
    <ClInclude Include="2d\PostEffect.h">
      <Filter>2d</Filter>
    </ClInclude>
    <ClInclude Include="2d\Sprite.h">
      <Filter>2d</Filter>
    </ClInclude>
    <ClInclude Include="2d\SpriteCommon.h">
      <Filter>2d</Filter>
    </ClInclude>
    <ClInclude Include="base\audio\Audio.h">
      <Filter>base\audio</Filter>
    </ClInclude>
    <ClInclude Include="base\camera\Camera.h">
      <Filter>base\camera</Filter>
    </ClInclude>
    <ClInclude Include="base\camera\DebugCamera.h">
      <Filter>base\camera</Filter>
    </ClInclude>
    <ClInclude Include="base\input\Input.h">
      <Filter>base\input</Filter>
    </ClInclude>
    <ClInclude Include="base\winapp\WinApp.h">
      <Filter>base\winapp</Filter>
    </ClInclude>
    <ClInclude Include="base\dxcomon\DirectXCommon.h">
      <Filter>base\dxcommon</Filter>
    </ClInclude>
    <ClInclude Include="3d\fbx\FbxLoader.h">
      <Filter>3d\fbx</Filter>
    </ClInclude>
    <ClInclude Include="3d\fbx\FBXModel.h">
      <Filter>3d\fbx</Filter>
    </ClInclude>
    <ClInclude Include="3d\fbx\ObjectFBX3d.h">
      <Filter>3d\fbx</Filter>
    </ClInclude>
    <ClInclude Include="3d\obj\Model.h">
      <Filter>3d\obj</Filter>
    </ClInclude>
    <ClInclude Include="3d\obj\Object3d.h">
      <Filter>3d\obj</Filter>
    </ClInclude>
    <ClInclude Include="BehaviorBase\testBehavior\ActionBase.h">
      <Filter>BehaviorBase\test</Filter>
    </ClInclude>
    <ClInclude Include="BehaviorBase\testBehavior\AttackJudgment.h">
      <Filter>BehaviorBase\test</Filter>
    </ClInclude>
    <ClInclude Include="BehaviorBase\testBehavior\BehaviorData.h">
      <Filter>BehaviorBase\test</Filter>
    </ClInclude>
    <ClInclude Include="BehaviorBase\testBehavior\BehaviorTree.h">
      <Filter>BehaviorBase\test</Filter>
    </ClInclude>
    <ClInclude Include="BehaviorBase\testBehavior\CharaBase.h">
      <Filter>BehaviorBase\test</Filter>
    </ClInclude>
    <ClInclude Include="BehaviorBase\testBehavior\DeffenceAction.h">
      <Filter>BehaviorBase\test</Filter>
    </ClInclude>
    <ClInclude Include="BehaviorBase\testBehavior\DeffenceJudgment.h">
      <Filter>BehaviorBase\test</Filter>
    </ClInclude>
    <ClInclude Include="BehaviorBase\testBehavior\Enemy.h">
      <Filter>BehaviorBase\test</Filter>
    </ClInclude>
    <ClInclude Include="BehaviorBase\testBehavior\ExecJudgmentBase.h">
      <Filter>BehaviorBase\test</Filter>
    </ClInclude>
    <ClInclude Include="BehaviorBase\testBehavior\MagicAction.h">
      <Filter>BehaviorBase\test</Filter>
    </ClInclude>
    <ClInclude Include="BehaviorBase\testBehavior\MagicAttackJudgment.h">
      <Filter>BehaviorBase\test</Filter>
    </ClInclude>
    <ClInclude Include="BehaviorBase\testBehavior\NodeBase.h">
      <Filter>BehaviorBase\test</Filter>
    </ClInclude>
    <ClInclude Include="BehaviorBase\testBehavior\PhysicsAction.h">
      <Filter>BehaviorBase\test</Filter>
    </ClInclude>
    <ClInclude Include="BehaviorBase\testBehavior\SkillAction.h">
      <Filter>BehaviorBase\test</Filter>
    </ClInclude>
    <ClInclude Include="BehaviorBase\testBehavior\SkillAttackJudgment.h">
      <Filter>BehaviorBase\test</Filter>
    </ClInclude>
    <ClInclude Include="base\Collision\Collision.h">
      <Filter>base\Collision</Filter>
    </ClInclude>
  </ItemGroup>
</Project>